PODS:
  - Flutter (1.0.0)
  - taudio-waa_native (9.2.2)
  - taudio_waa (0.0.1):
    - Flutter
    - taudio-waa_native

DEPENDENCIES:
  - Flutter (from `Flutter`)
  - taudio-waa_native (from `../../../taudio-waa_native`)
  - taudio_waa (from `.symlinks/plugins/taudio_waa/ios`)

EXTERNAL SOURCES:
  Flutter:
    :path: Flutter
  taudio-waa_native:
    :path: "../../../taudio-waa_native"
  taudio_waa:
    :path: ".symlinks/plugins/taudio_waa/ios"

SPEC CHECKSUMS:
  Flutter: 405776dd0763d7e32a8f989d4e271ca1317d080c
  taudio-waa_native: 0f484414cd2dbb105456911b2c5059d4e6a0d5a2
  taudio_waa: 5f32d4c916c46ba874a00c7e7fa49d1551626234

PODFILE CHECKSUM: 4e64986a67b81d0d459ac1fb66305e06804d6355

COCOAPODS: 1.11.2
