PODS:
  - Flutter (1.0.0)
  - taudio_waa (0.0.1):
    - Flutter
  - taudio_waa_native (9.0.0-beta-1)

DEPENDENCIES:
  - Flutter (from `Flutter`)
  - taudio_waa (from `.symlinks/plugins/taudio_waa/ios`)
  - taudio_waa_native (from `../../../taudio-waa_native`)

EXTERNAL SOURCES:
  Flutter:
    :path: Flutter
  taudio_waa:
    :path: ".symlinks/plugins/taudio_waa/ios"
  taudio_waa_native:
    :path: "../../../taudio-waa_native"

SPEC CHECKSUMS:
  Flutter: 50d75fe2f02b26cc09d224853bb45737f8b3214a
  taudio_waa: 22320709467a9d19a6c787370a5b43bbf34386f4
  taudio_waa_native: df8c464a8efeb437841e4fa53c6fabde47f2a1aa

PODFILE CHECKSUM: 5be4f87c29fca89639722ecc6418a8f682d20425

COCOAPODS: 1.11.2
